hash: b20185d7b8ecfd8fee4075f183ad2069c1f169084fa74c9a637a05b3bea39fa6
updated: 2017-05-01T01:11:33.295346954+01:00
imports:
- name: github.com/codesword/microservices-blog-api
  version: 6c55cc8c1d64834e5508bc9bd831d6d8e1478261
  subpackages:
  - auth-svc/controllers
  - auth-svc/server
  - pb/authorization
- name: github.com/golang/protobuf
  version: 18c9bb3261723cd5401db4d0c9fbc5c3b6c70fe8
  subpackages:
  - proto
  - protoc-gen-go/descriptor
  - ptypes/any
- name: github.com/inconshreveable/log15
  version: b105bd37f74e5d9dc7b6ad7806715c7a2b83fd3f
- name: github.com/mattn/go-colorable
  version: ded68f7a9561c023e790de24279db7ebf473ea80
- name: github.com/mattn/go-isatty
  version: fc9e8d8ef48496124e79ae0df75490096eccf6fe
- name: golang.org/x/net
  version: da118f7b8e5954f39d0d2130ab35d4bf0e3cb344
  subpackages:
  - context
  - http2
  - http2/hpack
  - idna
  - internal/timeseries
  - lex/httplex
  - trace
- name: golang.org/x/sys
  version: 9ccfe848b9db8435a24c424abbc07a921adf1df5
  subpackages:
  - unix
- name: golang.org/x/text
  version: 470f45bf29f4147d6fbd7dfd0a02a848e49f5bf4
  subpackages:
  - secure/bidirule
  - transform
  - unicode/bidi
  - unicode/norm
- name: google.golang.org/genproto
  version: 411e09b969b1170a9f0c467558eb4c4c110d9c77
  subpackages:
  - googleapis/api/annotations
  - googleapis/rpc/status
- name: google.golang.org/grpc
  version: d2e1b51f33ff8c5e4a15560ff049d200e83726c5
  subpackages:
  - codes
  - credentials
  - grpclb/grpc_lb_v1
  - grpclog
  - internal
  - keepalive
  - metadata
  - naming
  - peer
  - stats
  - status
  - tap
  - transport
- name: gopkg.in/inconshreveable/log15.v2
  version: b105bd37f74e5d9dc7b6ad7806715c7a2b83fd3f
  subpackages:
  - stack
  - term
testImports:
- name: github.com/onsi/ginkgo
  version: 77a8c1e5c40d6bb6c5eb4dd4bdce9763564f6298
  subpackages:
  - config
  - internal/codelocation
  - internal/containernode
  - internal/failer
  - internal/leafnodes
  - internal/remote
  - internal/spec
  - internal/spec_iterator
  - internal/specrunner
  - internal/suite
  - internal/testingtproxy
  - internal/writer
  - reporters
  - reporters/stenographer
  - reporters/stenographer/support/go-colorable
  - reporters/stenographer/support/go-isatty
  - types
- name: github.com/onsi/gomega
  version: 334b8f472b3af5d541c5642701c1e29e2126f486
  subpackages:
  - format
  - internal/assertion
  - internal/asyncassertion
  - internal/oraclematcher
  - internal/testingtsupport
  - matchers
  - matchers/support/goraph/bipartitegraph
  - matchers/support/goraph/edge
  - matchers/support/goraph/node
  - matchers/support/goraph/util
  - types
- name: gopkg.in/yaml.v2
  version: cd8b52f8269e0feb286dfeef29f8fe4d5b397e0b
